// !$*UTF8*$!
{
	archiveVersion = 1;
	classes = {
	};
	objectVersion = 46;
	objects = {

/* Begin PBXBuildFile section */
		CC4E0037153383BD0087DC28 /* Cocoa.framework in Frameworks */ = {isa = PBXBuildFile; fileRef = CC4E0036153383BD0087DC28 /* Cocoa.framework */; };
		CC4E0041153383BD0087DC28 /* InfoPlist.strings in Resources */ = {isa = PBXBuildFile; fileRef = CC4E003F153383BD0087DC28 /* InfoPlist.strings */; };
		CC4E0043153383BD0087DC28 /* main.m in Sources */ = {isa = PBXBuildFile; fileRef = CC4E0042153383BD0087DC28 /* main.m */; };
		CC4E0047153383BD0087DC28 /* Credits.rtf in Resources */ = {isa = PBXBuildFile; fileRef = CC4E0045153383BD0087DC28 /* Credits.rtf */; };
		CC4E004A153383BD0087DC28 /* UAAppDelegate.m in Sources */ = {isa = PBXBuildFile; fileRef = CC4E0049153383BD0087DC28 /* UAAppDelegate.m */; };
		CC4E004D153383BE0087DC28 /* MainMenu.xib in Resources */ = {isa = PBXBuildFile; fileRef = CC4E004B153383BE0087DC28 /* MainMenu.xib */; };
		CC4E0059153387290087DC28 /* UATableViewCell.m in Sources */ = {isa = PBXBuildFile; fileRef = CC4E0058153387290087DC28 /* UATableViewCell.m */; };
		CCDC21DC15348EBF00EAD1BF /* UATableViewController.m in Sources */ = {isa = PBXBuildFile; fileRef = CCDC21DA15348EBF00EAD1BF /* UATableViewController.m */; };
		CCDC21DD15348EBF00EAD1BF /* UATableViewController.xib in Resources */ = {isa = PBXBuildFile; fileRef = CCDC21DB15348EBF00EAD1BF /* UATableViewController.xib */; };
		CCDC21E01534915900EAD1BF /* UAView.m in Sources */ = {isa = PBXBuildFile; fileRef = CCDC21DF1534915900EAD1BF /* UAView.m */; };
		CCDC21E51534A22300EAD1BF /* QuartzCore.framework in Frameworks */ = {isa = PBXBuildFile; fileRef = CCDC21E41534A22300EAD1BF /* QuartzCore.framework */; };
/* End PBXBuildFile section */

/* Begin PBXFileReference section */
		CC4E0032153383BD0087DC28 /* TableView.app */ = {isa = PBXFileReference; explicitFileType = wrapper.application; includeInIndex = 0; path = TableView.app; sourceTree = BUILT_PRODUCTS_DIR; };
		CC4E0036153383BD0087DC28 /* Cocoa.framework */ = {isa = PBXFileReference; lastKnownFileType = wrapper.framework; name = Cocoa.framework; path = System/Library/Frameworks/Cocoa.framework; sourceTree = SDKROOT; };
		CC4E0039153383BD0087DC28 /* AppKit.framework */ = {isa = PBXFileReference; lastKnownFileType = wrapper.framework; name = AppKit.framework; path = System/Library/Frameworks/AppKit.framework; sourceTree = SDKROOT; };
		CC4E003A153383BD0087DC28 /* CoreData.framework */ = {isa = PBXFileReference; lastKnownFileType = wrapper.framework; name = CoreData.framework; path = System/Library/Frameworks/CoreData.framework; sourceTree = SDKROOT; };
		CC4E003B153383BD0087DC28 /* Foundation.framework */ = {isa = PBXFileReference; lastKnownFileType = wrapper.framework; name = Foundation.framework; path = System/Library/Frameworks/Foundation.framework; sourceTree = SDKROOT; };
		CC4E003E153383BD0087DC28 /* TableView-Info.plist */ = {isa = PBXFileReference; lastKnownFileType = text.plist.xml; path = "TableView-Info.plist"; sourceTree = "<group>"; };
		CC4E0040153383BD0087DC28 /* en */ = {isa = PBXFileReference; lastKnownFileType = text.plist.strings; name = en; path = en.lproj/InfoPlist.strings; sourceTree = "<group>"; };
		CC4E0042153383BD0087DC28 /* main.m */ = {isa = PBXFileReference; lastKnownFileType = sourcecode.c.objc; path = main.m; sourceTree = "<group>"; };
		CC4E0044153383BD0087DC28 /* TableView-Prefix.pch */ = {isa = PBXFileReference; lastKnownFileType = sourcecode.c.h; path = "TableView-Prefix.pch"; sourceTree = "<group>"; };
		CC4E0046153383BD0087DC28 /* en */ = {isa = PBXFileReference; lastKnownFileType = text.rtf; name = en; path = en.lproj/Credits.rtf; sourceTree = "<group>"; };
		CC4E0048153383BD0087DC28 /* UAAppDelegate.h */ = {isa = PBXFileReference; lastKnownFileType = sourcecode.c.h; path = UAAppDelegate.h; sourceTree = "<group>"; };
		CC4E0049153383BD0087DC28 /* UAAppDelegate.m */ = {isa = PBXFileReference; lastKnownFileType = sourcecode.c.objc; path = UAAppDelegate.m; sourceTree = "<group>"; };
		CC4E004C153383BE0087DC28 /* en */ = {isa = PBXFileReference; lastKnownFileType = file.xib; name = en; path = en.lproj/MainMenu.xib; sourceTree = "<group>"; };
		CC4E0057153387290087DC28 /* UATableViewCell.h */ = {isa = PBXFileReference; fileEncoding = 4; lastKnownFileType = sourcecode.c.h; path = UATableViewCell.h; sourceTree = "<group>"; };
		CC4E0058153387290087DC28 /* UATableViewCell.m */ = {isa = PBXFileReference; fileEncoding = 4; lastKnownFileType = sourcecode.c.objc; path = UATableViewCell.m; sourceTree = "<group>"; };
		CCDC21D915348EBF00EAD1BF /* UATableViewController.h */ = {isa = PBXFileReference; fileEncoding = 4; lastKnownFileType = sourcecode.c.h; path = UATableViewController.h; sourceTree = "<group>"; };
		CCDC21DA15348EBF00EAD1BF /* UATableViewController.m */ = {isa = PBXFileReference; fileEncoding = 4; lastKnownFileType = sourcecode.c.objc; path = UATableViewController.m; sourceTree = "<group>"; };
		CCDC21DB15348EBF00EAD1BF /* UATableViewController.xib */ = {isa = PBXFileReference; fileEncoding = 4; lastKnownFileType = file.xib; path = UATableViewController.xib; sourceTree = "<group>"; };
		CCDC21DE1534915900EAD1BF /* UAView.h */ = {isa = PBXFileReference; fileEncoding = 4; lastKnownFileType = sourcecode.c.h; path = UAView.h; sourceTree = "<group>"; };
		CCDC21DF1534915900EAD1BF /* UAView.m */ = {isa = PBXFileReference; fileEncoding = 4; lastKnownFileType = sourcecode.c.objc; path = UAView.m; sourceTree = "<group>"; };
		CCDC21E41534A22300EAD1BF /* QuartzCore.framework */ = {isa = PBXFileReference; lastKnownFileType = wrapper.framework; name = QuartzCore.framework; path = System/Library/Frameworks/QuartzCore.framework; sourceTree = SDKROOT; };
/* End PBXFileReference section */

/* Begin PBXFrameworksBuildPhase section */
		CC4E002F153383BD0087DC28 /* Frameworks */ = {
			isa = PBXFrameworksBuildPhase;
			buildActionMask = 2147483647;
			files = (
				CCDC21E51534A22300EAD1BF /* QuartzCore.framework in Frameworks */,
				CC4E0037153383BD0087DC28 /* Cocoa.framework in Frameworks */,
			);
			runOnlyForDeploymentPostprocessing = 0;
		};
/* End PBXFrameworksBuildPhase section */

/* Begin PBXGroup section */
		CC4E0027153383BD0087DC28 = {
			isa = PBXGroup;
			children = (
				CC4E003C153383BD0087DC28 /* TableView */,
				CC4E0035153383BD0087DC28 /* Frameworks */,
				CC4E0033153383BD0087DC28 /* Products */,
			);
			sourceTree = "<group>";
		};
		CC4E0033153383BD0087DC28 /* Products */ = {
			isa = PBXGroup;
			children = (
				CC4E0032153383BD0087DC28 /* TableView.app */,
			);
			name = Products;
			sourceTree = "<group>";
		};
		CC4E0035153383BD0087DC28 /* Frameworks */ = {
			isa = PBXGroup;
			children = (
				CCDC21E41534A22300EAD1BF /* QuartzCore.framework */,
				CC4E0036153383BD0087DC28 /* Cocoa.framework */,
				CC4E0038153383BD0087DC28 /* Other Frameworks */,
			);
			name = Frameworks;
			sourceTree = "<group>";
		};
		CC4E0038153383BD0087DC28 /* Other Frameworks */ = {
			isa = PBXGroup;
			children = (
				CC4E0039153383BD0087DC28 /* AppKit.framework */,
				CC4E003A153383BD0087DC28 /* CoreData.framework */,
				CC4E003B153383BD0087DC28 /* Foundation.framework */,
			);
			name = "Other Frameworks";
			sourceTree = "<group>";
		};
		CC4E003C153383BD0087DC28 /* TableView */ = {
			isa = PBXGroup;
			children = (
				CC4E0048153383BD0087DC28 /* UAAppDelegate.h */,
				CC4E0049153383BD0087DC28 /* UAAppDelegate.m */,
				CCDC21D915348EBF00EAD1BF /* UATableViewController.h */,
				CCDC21DA15348EBF00EAD1BF /* UATableViewController.m */,
				CCDC21DB15348EBF00EAD1BF /* UATableViewController.xib */,
				CCDC21DE1534915900EAD1BF /* UAView.h */,
				CCDC21DF1534915900EAD1BF /* UAView.m */,
				CC4E0057153387290087DC28 /* UATableViewCell.h */,
				CC4E0058153387290087DC28 /* UATableViewCell.m */,
				CC4E004B153383BE0087DC28 /* MainMenu.xib */,
				CC4E003D153383BD0087DC28 /* Supporting Files */,
			);
			path = TableView;
			sourceTree = "<group>";
		};
		CC4E003D153383BD0087DC28 /* Supporting Files */ = {
			isa = PBXGroup;
			children = (
				CC4E003E153383BD0087DC28 /* TableView-Info.plist */,
				CC4E003F153383BD0087DC28 /* InfoPlist.strings */,
				CC4E0042153383BD0087DC28 /* main.m */,
				CC4E0044153383BD0087DC28 /* TableView-Prefix.pch */,
				CC4E0045153383BD0087DC28 /* Credits.rtf */,
			);
			name = "Supporting Files";
			sourceTree = "<group>";
		};
/* End PBXGroup section */

/* Begin PBXNativeTarget section */
		CC4E0031153383BD0087DC28 /* TableView */ = {
			isa = PBXNativeTarget;
			buildConfigurationList = CC4E0050153383BE0087DC28 /* Build configuration list for PBXNativeTarget "TableView" */;
			buildPhases = (
				CC4E002E153383BD0087DC28 /* Sources */,
				CC4E002F153383BD0087DC28 /* Frameworks */,
				CC4E0030153383BD0087DC28 /* Resources */,
			);
			buildRules = (
			);
			dependencies = (
			);
			name = TableView;
			productName = TableView;
			productReference = CC4E0032153383BD0087DC28 /* TableView.app */;
			productType = "com.apple.product-type.application";
		};
/* End PBXNativeTarget section */

/* Begin PBXProject section */
		CC4E0029153383BD0087DC28 /* Project object */ = {
			isa = PBXProject;
			attributes = {
				CLASSPREFIX = UA;
				LastUpgradeCheck = 0430;
				ORGANIZATIONNAME = "Owain R Hunt";
			};
			buildConfigurationList = CC4E002C153383BD0087DC28 /* Build configuration list for PBXProject "TableView" */;
			compatibilityVersion = "Xcode 3.2";
			developmentRegion = English;
			hasScannedForEncodings = 0;
			knownRegions = (
				en,
			);
			mainGroup = CC4E0027153383BD0087DC28;
			productRefGroup = CC4E0033153383BD0087DC28 /* Products */;
			projectDirPath = "";
			projectRoot = "";
			targets = (
				CC4E0031153383BD0087DC28 /* TableView */,
			);
		};
/* End PBXProject section */

/* Begin PBXResourcesBuildPhase section */
		CC4E0030153383BD0087DC28 /* Resources */ = {
			isa = PBXResourcesBuildPhase;
			buildActionMask = 2147483647;
			files = (
				CC4E0041153383BD0087DC28 /* InfoPlist.strings in Resources */,
				CC4E0047153383BD0087DC28 /* Credits.rtf in Resources */,
				CC4E004D153383BE0087DC28 /* MainMenu.xib in Resources */,
				CCDC21DD15348EBF00EAD1BF /* UATableViewController.xib in Resources */,
			);
			runOnlyForDeploymentPostprocessing = 0;
		};
/* End PBXResourcesBuildPhase section */

/* Begin PBXSourcesBuildPhase section */
		CC4E002E153383BD0087DC28 /* Sources */ = {
			isa = PBXSourcesBuildPhase;
			buildActionMask = 2147483647;
			files = (
				CC4E0043153383BD0087DC28 /* main.m in Sources */,
				CC4E004A153383BD0087DC28 /* UAAppDelegate.m in Sources */,
				CC4E0059153387290087DC28 /* UATableViewCell.m in Sources */,
				CCDC21DC15348EBF00EAD1BF /* UATableViewController.m in Sources */,
				CCDC21E01534915900EAD1BF /* UAView.m in Sources */,
			);
			runOnlyForDeploymentPostprocessing = 0;
		};
/* End PBXSourcesBuildPhase section */

/* Begin PBXVariantGroup section */
		CC4E003F153383BD0087DC28 /* InfoPlist.strings */ = {
			isa = PBXVariantGroup;
			children = (
				CC4E0040153383BD0087DC28 /* en */,
			);
			name = InfoPlist.strings;
			sourceTree = "<group>";
		};
		CC4E0045153383BD0087DC28 /* Credits.rtf */ = {
			isa = PBXVariantGroup;
			children = (
				CC4E0046153383BD0087DC28 /* en */,
			);
			name = Credits.rtf;
			sourceTree = "<group>";
		};
		CC4E004B153383BE0087DC28 /* MainMenu.xib */ = {
			isa = PBXVariantGroup;
			children = (
				CC4E004C153383BE0087DC28 /* en */,
			);
			name = MainMenu.xib;
			sourceTree = "<group>";
		};
/* End PBXVariantGroup section */

/* Begin XCBuildConfiguration section */
		CC4E004E153383BE0087DC28 /* Debug */ = {
			isa = XCBuildConfiguration;
			buildSettings = {
				ALWAYS_SEARCH_USER_PATHS = NO;
				ARCHS = "$(ARCHS_STANDARD_64_BIT)";
				CLANG_ENABLE_OBJC_ARC = YES;
				COPY_PHASE_STRIP = NO;
				GCC_C_LANGUAGE_STANDARD = gnu99;
				GCC_DYNAMIC_NO_PIC = NO;
				GCC_ENABLE_OBJC_EXCEPTIONS = YES;
				GCC_OPTIMIZATION_LEVEL = 0;
				GCC_PREPROCESSOR_DEFINITIONS = (
					"DEBUG=1",
					"$(inherited)",
				);
				GCC_SYMBOLS_PRIVATE_EXTERN = NO;
				GCC_VERSION = com.apple.compilers.llvm.clang.1_0;
				GCC_WARN_64_TO_32_BIT_CONVERSION = YES;
				GCC_WARN_ABOUT_RETURN_TYPE = YES;
				GCC_WARN_UNINITIALIZED_AUTOS = YES;
				GCC_WARN_UNUSED_VARIABLE = YES;
				MACOSX_DEPLOYMENT_TARGET = 10.7;
				ONLY_ACTIVE_ARCH = YES;
				SDKROOT = macosx;
			};
			name = Debug;
		};
		CC4E004F153383BE0087DC28 /* Release */ = {
			isa = XCBuildConfiguration;
			buildSettings = {
				ALWAYS_SEARCH_USER_PATHS = NO;
				ARCHS = "$(ARCHS_STANDARD_64_BIT)";
				CLANG_ENABLE_OBJC_ARC = YES;
				COPY_PHASE_STRIP = YES;
				DEBUG_INFORMATION_FORMAT = "dwarf-with-dsym";
				GCC_C_LANGUAGE_STANDARD = gnu99;
				GCC_ENABLE_OBJC_EXCEPTIONS = YES;
				GCC_VERSION = com.apple.compilers.llvm.clang.1_0;
				GCC_WARN_64_TO_32_BIT_CONVERSION = YES;
				GCC_WARN_ABOUT_RETURN_TYPE = YES;
				GCC_WARN_UNINITIALIZED_AUTOS = YES;
				GCC_WARN_UNUSED_VARIABLE = YES;
				MACOSX_DEPLOYMENT_TARGET = 10.7;
				SDKROOT = macosx;
			};
			name = Release;
		};
		CC4E0051153383BE0087DC28 /* Debug */ = {
			isa = XCBuildConfiguration;
			buildSettings = {
				GCC_PRECOMPILE_PREFIX_HEADER = YES;
				GCC_PREFIX_HEADER = "TableView/TableView-Prefix.pch";
				INFOPLIST_FILE = "TableView/TableView-Info.plist";
				PRODUCT_NAME = "$(TARGET_NAME)";
				WRAPPER_EXTENSION = app;
			};
			name = Debug;
		};
		CC4E0052153383BE0087DC28 /* Release */ = {
			isa = XCBuildConfiguration;
			buildSettings = {
				GCC_PRECOMPILE_PREFIX_HEADER = YES;
				GCC_PREFIX_HEADER = "TableView/TableView-Prefix.pch";
				INFOPLIST_FILE = "TableView/TableView-Info.plist";
				PRODUCT_NAME = "$(TARGET_NAME)";
				WRAPPER_EXTENSION = app;
			};
			name = Release;
		};
/* End XCBuildConfiguration section */

/* Begin XCConfigurationList section */
		CC4E002C153383BD0087DC28 /* Build configuration list for PBXProject "TableView" */ = {
			isa = XCConfigurationList;
			buildConfigurations = (
				CC4E004E153383BE0087DC28 /* Debug */,
				CC4E004F153383BE0087DC28 /* Release */,
			);
			defaultConfigurationIsVisible = 0;
			defaultConfigurationName = Release;
		};
		CC4E0050153383BE0087DC28 /* Build configuration list for PBXNativeTarget "TableView" */ = {
			isa = XCConfigurationList;
			buildConfigurations = (
				CC4E0051153383BE0087DC28 /* Debug */,
				CC4E0052153383BE0087DC28 /* Release */,
			);
			defaultConfigurationIsVisible = 0;
			defaultConfigurationName = Release;
		};
/* End XCConfigurationList section */
	};
	rootObject = CC4E0029153383BD0087DC28 /* Project object */;
}
